
Microsoft Visual Studio Solution File, Format Version 12.00
# Visual Studio Version 17
VisualStudioVersion = 17.11.35312.102
MinimumVisualStudioVersion = 10.0.40219.1
Project("{9A19103F-16F7-4668-BE54-9A1E7A4F7556}") = "BL-Modelo", "BL\BL-Modelo.csproj", "{DA0CD2A2-4249-4494-B6A3-62656B462392}"
EndProject
Project("{9A19103F-16F7-4668-BE54-9A1E7A4F7556}") = "DAL-Modelo", "DAL-Modelo\DAL-Modelo.csproj", "{9707C971-1ABF-4FFB-9C9E-B5B61E7D9939}"
EndProject
Project("{9A19103F-16F7-4668-BE54-9A1E7A4F7556}") = "ENT-Modelo", "ENT-Modelo\ENT-Modelo.csproj", "{545265A3-22A1-4D0C-98EA-4264A26AE074}"
EndProject
Project("{9A19103F-16F7-4668-BE54-9A1E7A4F7556}") = "CrudDinamicoPersonas", "MauiApp1\CrudDinamicoPersonas.csproj", "{2F17F9D0-37E5-4049-A6A3-E6B4DB57F643}"
EndProject
Project("{9A19103F-16F7-4668-BE54-9A1E7A4F7556}") = "ProjectoCalculadora", "ProjectoCalculadora\ProjectoCalculadora.csproj", "{123CE9EA-E967-4C00-B8E8-A70DC35E93DF}"
EndProject
Project("{2150E333-8FDC-42A3-9474-1A3956D46DE8}") = "Personas_CRUD", "Personas_CRUD", "{E143EDEA-B762-4365-9E57-26B5D61CC5D0}"
EndProject
Project("{2150E333-8FDC-42A3-9474-1A3956D46DE8}") = "Claculadora", "Claculadora", "{AC921CC3-5ED3-4A23-B9BB-18B38B46650D}"
EndProject
Project("{2150E333-8FDC-42A3-9474-1A3956D46DE8}") = "Encargos", "Encargos", "{2D067E17-737A-4A28-99C7-FB0E2054FC71}"
EndProject
Project("{FAE04EC0-301F-11D3-BF4B-00C04F79EFBC}") = "BL-Encargos", "BL-Encargos\BL-Encargos.csproj", "{8BCAFD4C-89E6-494E-AFB3-3BF3B155E672}"
EndProject
Project("{FAE04EC0-301F-11D3-BF4B-00C04F79EFBC}") = "DAL-Encargos", "DAL-ENCARGOS\DAL-Encargos.csproj", "{1F1918B9-3760-457F-9747-3868168C191E}"
EndProject
Project("{FAE04EC0-301F-11D3-BF4B-00C04F79EFBC}") = "ENT-Encargos", "ENT-Encargos\ENT-Encargos.csproj", "{F90DF600-EF7C-4109-9BDB-C1DA2987FD4D}"
EndProject
Project("{FAE04EC0-301F-11D3-BF4B-00C04F79EFBC}") = "UIEncargos", "UIEncargos\UIEncargos.csproj", "{FAEB1210-697A-4540-98C3-FA96FF393430}"
EndProject
Global
	GlobalSection(SolutionConfigurationPlatforms) = preSolution
		Debug|Any CPU = Debug|Any CPU
		Release|Any CPU = Release|Any CPU
	EndGlobalSection
	GlobalSection(ProjectConfigurationPlatforms) = postSolution
		{DA0CD2A2-4249-4494-B6A3-62656B462392}.Debug|Any CPU.ActiveCfg = Debug|Any CPU
		{DA0CD2A2-4249-4494-B6A3-62656B462392}.Debug|Any CPU.Build.0 = Debug|Any CPU
		{DA0CD2A2-4249-4494-B6A3-62656B462392}.Release|Any CPU.ActiveCfg = Release|Any CPU
		{DA0CD2A2-4249-4494-B6A3-62656B462392}.Release|Any CPU.Build.0 = Release|Any CPU
		{9707C971-1ABF-4FFB-9C9E-B5B61E7D9939}.Debug|Any CPU.ActiveCfg = Debug|Any CPU
		{9707C971-1ABF-4FFB-9C9E-B5B61E7D9939}.Debug|Any CPU.Build.0 = Debug|Any CPU
		{9707C971-1ABF-4FFB-9C9E-B5B61E7D9939}.Release|Any CPU.ActiveCfg = Release|Any CPU
		{9707C971-1ABF-4FFB-9C9E-B5B61E7D9939}.Release|Any CPU.Build.0 = Release|Any CPU
		{545265A3-22A1-4D0C-98EA-4264A26AE074}.Debug|Any CPU.ActiveCfg = Debug|Any CPU
		{545265A3-22A1-4D0C-98EA-4264A26AE074}.Debug|Any CPU.Build.0 = Debug|Any CPU
		{545265A3-22A1-4D0C-98EA-4264A26AE074}.Release|Any CPU.ActiveCfg = Release|Any CPU
		{545265A3-22A1-4D0C-98EA-4264A26AE074}.Release|Any CPU.Build.0 = Release|Any CPU
		{2F17F9D0-37E5-4049-A6A3-E6B4DB57F643}.Debug|Any CPU.ActiveCfg = Debug|Any CPU
		{2F17F9D0-37E5-4049-A6A3-E6B4DB57F643}.Debug|Any CPU.Build.0 = Debug|Any CPU
		{2F17F9D0-37E5-4049-A6A3-E6B4DB57F643}.Debug|Any CPU.Deploy.0 = Debug|Any CPU
		{2F17F9D0-37E5-4049-A6A3-E6B4DB57F643}.Release|Any CPU.ActiveCfg = Release|Any CPU
		{2F17F9D0-37E5-4049-A6A3-E6B4DB57F643}.Release|Any CPU.Build.0 = Release|Any CPU
		{2F17F9D0-37E5-4049-A6A3-E6B4DB57F643}.Release|Any CPU.Deploy.0 = Release|Any CPU
		{123CE9EA-E967-4C00-B8E8-A70DC35E93DF}.Debug|Any CPU.ActiveCfg = Debug|Any CPU
		{123CE9EA-E967-4C00-B8E8-A70DC35E93DF}.Debug|Any CPU.Build.0 = Debug|Any CPU
		{123CE9EA-E967-4C00-B8E8-A70DC35E93DF}.Debug|Any CPU.Deploy.0 = Debug|Any CPU
		{123CE9EA-E967-4C00-B8E8-A70DC35E93DF}.Release|Any CPU.ActiveCfg = Release|Any CPU
		{123CE9EA-E967-4C00-B8E8-A70DC35E93DF}.Release|Any CPU.Build.0 = Release|Any CPU
		{123CE9EA-E967-4C00-B8E8-A70DC35E93DF}.Release|Any CPU.Deploy.0 = Release|Any CPU
		{8BCAFD4C-89E6-494E-AFB3-3BF3B155E672}.Debug|Any CPU.ActiveCfg = Debug|Any CPU
		{8BCAFD4C-89E6-494E-AFB3-3BF3B155E672}.Debug|Any CPU.Build.0 = Debug|Any CPU
		{8BCAFD4C-89E6-494E-AFB3-3BF3B155E672}.Release|Any CPU.ActiveCfg = Release|Any CPU
		{8BCAFD4C-89E6-494E-AFB3-3BF3B155E672}.Release|Any CPU.Build.0 = Release|Any CPU
		{1F1918B9-3760-457F-9747-3868168C191E}.Debug|Any CPU.ActiveCfg = Debug|Any CPU
		{1F1918B9-3760-457F-9747-3868168C191E}.Debug|Any CPU.Build.0 = Debug|Any CPU
		{1F1918B9-3760-457F-9747-3868168C191E}.Release|Any CPU.ActiveCfg = Release|Any CPU
		{1F1918B9-3760-457F-9747-3868168C191E}.Release|Any CPU.Build.0 = Release|Any CPU
		{F90DF600-EF7C-4109-9BDB-C1DA2987FD4D}.Debug|Any CPU.ActiveCfg = Debug|Any CPU
		{F90DF600-EF7C-4109-9BDB-C1DA2987FD4D}.Debug|Any CPU.Build.0 = Debug|Any CPU
		{F90DF600-EF7C-4109-9BDB-C1DA2987FD4D}.Release|Any CPU.ActiveCfg = Release|Any CPU
		{F90DF600-EF7C-4109-9BDB-C1DA2987FD4D}.Release|Any CPU.Build.0 = Release|Any CPU
		{FAEB1210-697A-4540-98C3-FA96FF393430}.Debug|Any CPU.ActiveCfg = Debug|Any CPU
		{FAEB1210-697A-4540-98C3-FA96FF393430}.Debug|Any CPU.Build.0 = Debug|Any CPU
		{FAEB1210-697A-4540-98C3-FA96FF393430}.Debug|Any CPU.Deploy.0 = Debug|Any CPU
		{FAEB1210-697A-4540-98C3-FA96FF393430}.Release|Any CPU.ActiveCfg = Release|Any CPU
		{FAEB1210-697A-4540-98C3-FA96FF393430}.Release|Any CPU.Build.0 = Release|Any CPU
		{FAEB1210-697A-4540-98C3-FA96FF393430}.Release|Any CPU.Deploy.0 = Release|Any CPU
	EndGlobalSection
	GlobalSection(SolutionProperties) = preSolution
		HideSolutionNode = FALSE
	EndGlobalSection
	GlobalSection(NestedProjects) = preSolution
		{DA0CD2A2-4249-4494-B6A3-62656B462392} = {E143EDEA-B762-4365-9E57-26B5D61CC5D0}
		{9707C971-1ABF-4FFB-9C9E-B5B61E7D9939} = {E143EDEA-B762-4365-9E57-26B5D61CC5D0}
		{545265A3-22A1-4D0C-98EA-4264A26AE074} = {E143EDEA-B762-4365-9E57-26B5D61CC5D0}
		{2F17F9D0-37E5-4049-A6A3-E6B4DB57F643} = {E143EDEA-B762-4365-9E57-26B5D61CC5D0}
		{123CE9EA-E967-4C00-B8E8-A70DC35E93DF} = {AC921CC3-5ED3-4A23-B9BB-18B38B46650D}
		{8BCAFD4C-89E6-494E-AFB3-3BF3B155E672} = {2D067E17-737A-4A28-99C7-FB0E2054FC71}
		{1F1918B9-3760-457F-9747-3868168C191E} = {2D067E17-737A-4A28-99C7-FB0E2054FC71}
		{F90DF600-EF7C-4109-9BDB-C1DA2987FD4D} = {2D067E17-737A-4A28-99C7-FB0E2054FC71}
		{FAEB1210-697A-4540-98C3-FA96FF393430} = {2D067E17-737A-4A28-99C7-FB0E2054FC71}
	EndGlobalSection
	GlobalSection(ExtensibilityGlobals) = postSolution
		SolutionGuid = {78EC9156-D7F2-4621-9DE4-4A1BA4E7FC09}
	EndGlobalSection
EndGlobal
